{
  "name": "filepond-halogen",
  "version": "0.0.0",
  "lockfileVersion": 2,
  "requires": true,
  "dependencies": {
    "filepond": {
      "version": "4.9.5",
      "resolved": "https://registry.npmjs.org/filepond/-/filepond-4.9.5.tgz",
      "integrity": "sha512-ufTYgY1i1nzNriaacMNPwv8qc55xhCY6LzuKhybB53LHL8vn0P+T3ADOyrSHxDhfBp7abO6AO0vB9wohpiDD3A=="
    },
    "filepond-plugin-file-validate-type": {
      "version": "1.2.4",
      "resolved": "https://registry.npmjs.org/filepond-plugin-file-validate-type/-/filepond-plugin-file-validate-type-1.2.4.tgz",
      "integrity": "sha512-K1qD8mfahJoz2zRlWWvYoHuy4k/8tHggsoGbm/blpTp63OyahOdJBzMN3VK7USYn5OZ58uOFdMTMyi8ibFpW/Q==",
      "requires": {}
    },
    "filepond-plugin-get-file": {
      "version": "1.0.6",
      "resolved": "https://registry.npmjs.org/filepond-plugin-get-file/-/filepond-plugin-get-file-1.0.6.tgz",
      "integrity": "sha512-0i1KcChQsbH8SWqziLsjuYqVZaWwi7WfYWwAymv9PsjHA6c3pAcQ2SevXvgbtWc90xynv5GndB0kQS4+sekOJg==",
      "requires": {}
    },
    "filepond-plugin-image-preview": {
      "version": "4.6.1",
      "resolved": "https://registry.npmjs.org/filepond-plugin-image-preview/-/filepond-plugin-image-preview-4.6.1.tgz",
      "integrity": "sha512-DYpPpbO3hg/Wrgkx6bOtl9+cF4UB0EpbtFr9PVwwwPZBdq9YCJlk8oq5M9vHVTZR1t6RGcg6Q2+qK8ukY+b5WA==",
      "requires": {}
    },
    "filepond-plugin-media-preview": {
      "version": "1.0.4",
      "resolved": "https://registry.npmjs.org/filepond-plugin-media-preview/-/filepond-plugin-media-preview-1.0.4.tgz",
      "integrity": "sha512-XAzx2sgrYJWkfXkypPGAj8lQtxfOnAsCuI59yI6yWCIBFVdRxLh7VrV67Oz0YGdMsDIBQuYGrOgtdc9Sj2uZPg==",
      "requires": {}
    }
  }
}
